
Microsoft Visual Studio Solution File, Format Version 12.00
# Visual Studio Version 17
VisualStudioVersion = 17.0.32126.317
MinimumVisualStudioVersion = 10.0.40219.1
Project("{FAE04EC0-301F-11D3-BF4B-00C04F79EFBC}") = "SnakeAndLadderGame", "SnakeAndLadderGame\SnakeAndLadderGame.csproj", "{E3D239CC-BB4C-4051-9D3A-86714D0E876A}"
EndProject
Global
	GlobalSection(SolutionConfigurationPlatforms) = preSolution
		Debug|Any CPU = Debug|Any CPU
		Release|Any CPU = Release|Any CPU
	EndGlobalSection
	GlobalSection(ProjectConfigurationPlatforms) = postSolution
		{E3D239CC-BB4C-4051-9D3A-86714D0E876A}.Debug|Any CPU.ActiveCfg = Debug|Any CPU
		{E3D239CC-BB4C-4051-9D3A-86714D0E876A}.Debug|Any CPU.Build.0 = Debug|Any CPU
		{E3D239CC-BB4C-4051-9D3A-86714D0E876A}.Release|Any CPU.ActiveCfg = Release|Any CPU
		{E3D239CC-BB4C-4051-9D3A-86714D0E876A}.Release|Any CPU.Build.0 = Release|Any CPU
	EndGlobalSection
	GlobalSection(SolutionProperties) = preSolution
		HideSolutionNode = FALSE
	EndGlobalSection
	GlobalSection(ExtensibilityGlobals) = postSolution
		SolutionGuid = {45EDFEC1-1856-4B35-8115-262B5B6FAE51}
	EndGlobalSection
EndGlobal
